
Microsoft Visual Studio Solution File, Format Version 12.00
# Visual Studio Version 17
VisualStudioVersion = 17.2.32616.157
MinimumVisualStudioVersion = 10.0.40219.1
Project("{FAE04EC0-301F-11D3-BF4B-00C04F79EFBC}") = "iBoy-RAM", "iBoy-RAM\iBoy-RAM.csproj", "{7AE011D8-323B-4799-8C47-ED0C8787E9BB}"
EndProject
Global
	GlobalSection(SolutionConfigurationPlatforms) = preSolution
		Debug|Any CPU = Debug|Any CPU
		Release|Any CPU = Release|Any CPU
	EndGlobalSection
	GlobalSection(ProjectConfigurationPlatforms) = postSolution
		{7AE011D8-323B-4799-8C47-ED0C8787E9BB}.Debug|Any CPU.ActiveCfg = Debug|Any CPU
		{7AE011D8-323B-4799-8C47-ED0C8787E9BB}.Debug|Any CPU.Build.0 = Debug|Any CPU
		{7AE011D8-323B-4799-8C47-ED0C8787E9BB}.Release|Any CPU.ActiveCfg = Release|Any CPU
		{7AE011D8-323B-4799-8C47-ED0C8787E9BB}.Release|Any CPU.Build.0 = Release|Any CPU
	EndGlobalSection
	GlobalSection(SolutionProperties) = preSolution
		HideSolutionNode = FALSE
	EndGlobalSection
	GlobalSection(ExtensibilityGlobals) = postSolution
		SolutionGuid = {FB4EDE08-8ABA-47F7-A591-A375F45C82F1}
	EndGlobalSection
EndGlobal
